
Microsoft Visual Studio Solution File, Format Version 12.00
# Visual Studio Version 16
VisualStudioVersion = 16.0.30128.74
MinimumVisualStudioVersion = 10.0.40219.1
Project("{FAE04EC0-301F-11D3-BF4B-00C04F79EFBC}") = "ComprandoNicaragua", "ComprandoNicaragua.csproj", "{ECAECAC5-BA59-4C54-966F-8E36AFE22A1B}"
EndProject
Global
	GlobalSection(SolutionConfigurationPlatforms) = preSolution
		Debug|Any CPU = Debug|Any CPU
		Release|Any CPU = Release|Any CPU
	EndGlobalSection
	GlobalSection(ProjectConfigurationPlatforms) = postSolution
		{ECAECAC5-BA59-4C54-966F-8E36AFE22A1B}.Debug|Any CPU.ActiveCfg = Debug|Any CPU
		{ECAECAC5-BA59-4C54-966F-8E36AFE22A1B}.Debug|Any CPU.Build.0 = Debug|Any CPU
		{ECAECAC5-BA59-4C54-966F-8E36AFE22A1B}.Release|Any CPU.ActiveCfg = Release|Any CPU
		{ECAECAC5-BA59-4C54-966F-8E36AFE22A1B}.Release|Any CPU.Build.0 = Release|Any CPU
	EndGlobalSection
	GlobalSection(SolutionProperties) = preSolution
		HideSolutionNode = FALSE
	EndGlobalSection
	GlobalSection(ExtensibilityGlobals) = postSolution
		SolutionGuid = {A12072BB-3F03-4B47-9198-65323CA921D1}
	EndGlobalSection
EndGlobal
